
Microsoft Visual Studio Solution File, Format Version 12.00
# Visual Studio Version 16
VisualStudioVersion = 16.0.31624.102
MinimumVisualStudioVersion = 10.0.40219.1
Project("{FAE04EC0-301F-11D3-BF4B-00C04F79EFBC}") = "EncontrarNumeroMenorDe2Numeros", "EncontrarNumeroMenorDe2Numeros\EncontrarNumeroMenorDe2Numeros.csproj", "{765D57CE-B448-45EC-B164-42912CD70272}"
EndProject
Global
	GlobalSection(SolutionConfigurationPlatforms) = preSolution
		Debug|Any CPU = Debug|Any CPU
		Release|Any CPU = Release|Any CPU
	EndGlobalSection
	GlobalSection(ProjectConfigurationPlatforms) = postSolution
		{765D57CE-B448-45EC-B164-42912CD70272}.Debug|Any CPU.ActiveCfg = Debug|Any CPU
		{765D57CE-B448-45EC-B164-42912CD70272}.Debug|Any CPU.Build.0 = Debug|Any CPU
		{765D57CE-B448-45EC-B164-42912CD70272}.Release|Any CPU.ActiveCfg = Release|Any CPU
		{765D57CE-B448-45EC-B164-42912CD70272}.Release|Any CPU.Build.0 = Release|Any CPU
	EndGlobalSection
	GlobalSection(SolutionProperties) = preSolution
		HideSolutionNode = FALSE
	EndGlobalSection
	GlobalSection(ExtensibilityGlobals) = postSolution
		SolutionGuid = {C0ADE7D5-9B5D-4F45-BC9F-E0D182047EDE}
	EndGlobalSection
EndGlobal
